
Microsoft Visual Studio Solution File, Format Version 12.00
# Visual Studio Version 16
VisualStudioVersion = 16.0.31205.134
MinimumVisualStudioVersion = 10.0.40219.1
Project("{9A19103F-16F7-4668-BE54-9A1E7A4F7556}") = "Exercicio 1", "Exercicio 1\Exercicio 1.csproj", "{139D887B-4D17-4545-A608-78E193E1CD44}"
EndProject
Project("{9A19103F-16F7-4668-BE54-9A1E7A4F7556}") = "Exercicio 2", "Exercicio 2\Exercicio 2.csproj", "{1EB28BC7-6A47-4454-BF1D-2B2291926A8A}"
EndProject
Project("{9A19103F-16F7-4668-BE54-9A1E7A4F7556}") = "Exercicio 3", "Exercicio 3\Exercicio 3.csproj", "{9EB5993A-7362-4D5A-8519-65046C973ACC}"
EndProject
Project("{9A19103F-16F7-4668-BE54-9A1E7A4F7556}") = "Exercicio 4", "Exercicio 4\Exercicio 4.csproj", "{D7FB167C-5E79-47CA-AB27-ABC3E652F064}"
EndProject
Project("{9A19103F-16F7-4668-BE54-9A1E7A4F7556}") = "Exercicio 5", "Exercicio 5\Exercicio 5.csproj", "{70ECD508-F175-423B-A92A-81D593C29623}"
EndProject
Project("{9A19103F-16F7-4668-BE54-9A1E7A4F7556}") = "Exercicio 6", "Exercicio 6\Exercicio 6.csproj", "{BE12C582-196F-4D3E-8B28-C8CEB0746E18}"
EndProject
Project("{9A19103F-16F7-4668-BE54-9A1E7A4F7556}") = "Exercicio 7", "Exercicio 7\Exercicio 7.csproj", "{8410031A-6FBC-4742-A7F4-7F0D7A10EFD6}"
EndProject
Project("{9A19103F-16F7-4668-BE54-9A1E7A4F7556}") = "Exercicio 8", "Exercicio 8\Exercicio 8.csproj", "{8C91C278-2505-41EE-B8A4-2393AD33D7A9}"
EndProject
Project("{9A19103F-16F7-4668-BE54-9A1E7A4F7556}") = "Exercicio 9", "Exercicio 9\Exercicio 9.csproj", "{ADAB7EEF-9B18-45FA-991E-0751C7371242}"
EndProject
Project("{2150E333-8FDC-42A3-9474-1A3956D46DE8}") = "2 - POO", "2 - POO", "{EDDF9E1B-4615-4DEC-94BC-ACFE478F4131}"
EndProject
Project("{2150E333-8FDC-42A3-9474-1A3956D46DE8}") = "1 - CONSOLE", "1 - CONSOLE", "{7E7B6973-F656-444D-9C66-4020D2C4DFAE}"
EndProject
Project("{9A19103F-16F7-4668-BE54-9A1E7A4F7556}") = "Exercicio POO 1", "Exercicio POO 1\Exercicio POO 1.csproj", "{2D49E863-7C74-4B7A-A2FA-25ACC3F54492}"
EndProject
Project("{9A19103F-16F7-4668-BE54-9A1E7A4F7556}") = "Exercicio POO 2", "Exercicio POO 2\Exercicio POO 2.csproj", "{D9BD7A40-421C-4D3D-9587-61B1BCC6BD8E}"
EndProject
Project("{9A19103F-16F7-4668-BE54-9A1E7A4F7556}") = "Exercicio POO 3", "Exercicio POO 3\Exercicio POO 3.csproj", "{D138447F-4385-46E1-88F8-EB16B5E26787}"
EndProject
Project("{9A19103F-16F7-4668-BE54-9A1E7A4F7556}") = "Exercicio POO 4", "Exercicio POO 4\Exercicio POO 4.csproj", "{CB2EC1D2-011A-48D6-8544-85DB32AD6353}"
EndProject
Project("{2150E333-8FDC-42A3-9474-1A3956D46DE8}") = "3 - Testes", "3 - Testes", "{92DF043B-5FEF-42AD-BCB5-BEFAFD3765D8}"
EndProject
Project("{9A19103F-16F7-4668-BE54-9A1E7A4F7556}") = "Exercicio Test xUnity", "Exercicio Test xUnity\Exercicio Test xUnity.csproj", "{A595980C-C141-470F-BA7D-F1DEB49B47C3}"
EndProject
Project("{9A19103F-16F7-4668-BE54-9A1E7A4F7556}") = "Exercicio Test nUnity", "Exercicio Test nUnity\Exercicio Test nUnity.csproj", "{86247397-1577-4AAF-9842-09F7D57F9258}"
EndProject
Project("{2150E333-8FDC-42A3-9474-1A3956D46DE8}") = "Solution Items", "Solution Items", "{A6834303-BE6F-49BB-8E79-2E704F293B53}"
	ProjectSection(SolutionItems) = preProject
		.gitignore = .gitignore
	EndProjectSection
EndProject
Global
	GlobalSection(SolutionConfigurationPlatforms) = preSolution
		Debug|Any CPU = Debug|Any CPU
		Release|Any CPU = Release|Any CPU
	EndGlobalSection
	GlobalSection(ProjectConfigurationPlatforms) = postSolution
		{139D887B-4D17-4545-A608-78E193E1CD44}.Debug|Any CPU.ActiveCfg = Debug|Any CPU
		{139D887B-4D17-4545-A608-78E193E1CD44}.Debug|Any CPU.Build.0 = Debug|Any CPU
		{139D887B-4D17-4545-A608-78E193E1CD44}.Release|Any CPU.ActiveCfg = Release|Any CPU
		{139D887B-4D17-4545-A608-78E193E1CD44}.Release|Any CPU.Build.0 = Release|Any CPU
		{1EB28BC7-6A47-4454-BF1D-2B2291926A8A}.Debug|Any CPU.ActiveCfg = Debug|Any CPU
		{1EB28BC7-6A47-4454-BF1D-2B2291926A8A}.Debug|Any CPU.Build.0 = Debug|Any CPU
		{1EB28BC7-6A47-4454-BF1D-2B2291926A8A}.Release|Any CPU.ActiveCfg = Release|Any CPU
		{1EB28BC7-6A47-4454-BF1D-2B2291926A8A}.Release|Any CPU.Build.0 = Release|Any CPU
		{9EB5993A-7362-4D5A-8519-65046C973ACC}.Debug|Any CPU.ActiveCfg = Debug|Any CPU
		{9EB5993A-7362-4D5A-8519-65046C973ACC}.Debug|Any CPU.Build.0 = Debug|Any CPU
		{9EB5993A-7362-4D5A-8519-65046C973ACC}.Release|Any CPU.ActiveCfg = Release|Any CPU
		{9EB5993A-7362-4D5A-8519-65046C973ACC}.Release|Any CPU.Build.0 = Release|Any CPU
		{D7FB167C-5E79-47CA-AB27-ABC3E652F064}.Debug|Any CPU.ActiveCfg = Debug|Any CPU
		{D7FB167C-5E79-47CA-AB27-ABC3E652F064}.Debug|Any CPU.Build.0 = Debug|Any CPU
		{D7FB167C-5E79-47CA-AB27-ABC3E652F064}.Release|Any CPU.ActiveCfg = Release|Any CPU
		{D7FB167C-5E79-47CA-AB27-ABC3E652F064}.Release|Any CPU.Build.0 = Release|Any CPU
		{70ECD508-F175-423B-A92A-81D593C29623}.Debug|Any CPU.ActiveCfg = Debug|Any CPU
		{70ECD508-F175-423B-A92A-81D593C29623}.Debug|Any CPU.Build.0 = Debug|Any CPU
		{70ECD508-F175-423B-A92A-81D593C29623}.Release|Any CPU.ActiveCfg = Release|Any CPU
		{70ECD508-F175-423B-A92A-81D593C29623}.Release|Any CPU.Build.0 = Release|Any CPU
		{BE12C582-196F-4D3E-8B28-C8CEB0746E18}.Debug|Any CPU.ActiveCfg = Debug|Any CPU
		{BE12C582-196F-4D3E-8B28-C8CEB0746E18}.Debug|Any CPU.Build.0 = Debug|Any CPU
		{BE12C582-196F-4D3E-8B28-C8CEB0746E18}.Release|Any CPU.ActiveCfg = Release|Any CPU
		{BE12C582-196F-4D3E-8B28-C8CEB0746E18}.Release|Any CPU.Build.0 = Release|Any CPU
		{8410031A-6FBC-4742-A7F4-7F0D7A10EFD6}.Debug|Any CPU.ActiveCfg = Debug|Any CPU
		{8410031A-6FBC-4742-A7F4-7F0D7A10EFD6}.Debug|Any CPU.Build.0 = Debug|Any CPU
		{8410031A-6FBC-4742-A7F4-7F0D7A10EFD6}.Release|Any CPU.ActiveCfg = Release|Any CPU
		{8410031A-6FBC-4742-A7F4-7F0D7A10EFD6}.Release|Any CPU.Build.0 = Release|Any CPU
		{8C91C278-2505-41EE-B8A4-2393AD33D7A9}.Debug|Any CPU.ActiveCfg = Debug|Any CPU
		{8C91C278-2505-41EE-B8A4-2393AD33D7A9}.Debug|Any CPU.Build.0 = Debug|Any CPU
		{8C91C278-2505-41EE-B8A4-2393AD33D7A9}.Release|Any CPU.ActiveCfg = Release|Any CPU
		{8C91C278-2505-41EE-B8A4-2393AD33D7A9}.Release|Any CPU.Build.0 = Release|Any CPU
		{ADAB7EEF-9B18-45FA-991E-0751C7371242}.Debug|Any CPU.ActiveCfg = Debug|Any CPU
		{ADAB7EEF-9B18-45FA-991E-0751C7371242}.Debug|Any CPU.Build.0 = Debug|Any CPU
		{ADAB7EEF-9B18-45FA-991E-0751C7371242}.Release|Any CPU.ActiveCfg = Release|Any CPU
		{ADAB7EEF-9B18-45FA-991E-0751C7371242}.Release|Any CPU.Build.0 = Release|Any CPU
		{2D49E863-7C74-4B7A-A2FA-25ACC3F54492}.Debug|Any CPU.ActiveCfg = Debug|Any CPU
		{2D49E863-7C74-4B7A-A2FA-25ACC3F54492}.Debug|Any CPU.Build.0 = Debug|Any CPU
		{2D49E863-7C74-4B7A-A2FA-25ACC3F54492}.Release|Any CPU.ActiveCfg = Release|Any CPU
		{2D49E863-7C74-4B7A-A2FA-25ACC3F54492}.Release|Any CPU.Build.0 = Release|Any CPU
		{D9BD7A40-421C-4D3D-9587-61B1BCC6BD8E}.Debug|Any CPU.ActiveCfg = Debug|Any CPU
		{D9BD7A40-421C-4D3D-9587-61B1BCC6BD8E}.Debug|Any CPU.Build.0 = Debug|Any CPU
		{D9BD7A40-421C-4D3D-9587-61B1BCC6BD8E}.Release|Any CPU.ActiveCfg = Release|Any CPU
		{D9BD7A40-421C-4D3D-9587-61B1BCC6BD8E}.Release|Any CPU.Build.0 = Release|Any CPU
		{D138447F-4385-46E1-88F8-EB16B5E26787}.Debug|Any CPU.ActiveCfg = Debug|Any CPU
		{D138447F-4385-46E1-88F8-EB16B5E26787}.Debug|Any CPU.Build.0 = Debug|Any CPU
		{D138447F-4385-46E1-88F8-EB16B5E26787}.Release|Any CPU.ActiveCfg = Release|Any CPU
		{D138447F-4385-46E1-88F8-EB16B5E26787}.Release|Any CPU.Build.0 = Release|Any CPU
		{CB2EC1D2-011A-48D6-8544-85DB32AD6353}.Debug|Any CPU.ActiveCfg = Debug|Any CPU
		{CB2EC1D2-011A-48D6-8544-85DB32AD6353}.Debug|Any CPU.Build.0 = Debug|Any CPU
		{CB2EC1D2-011A-48D6-8544-85DB32AD6353}.Release|Any CPU.ActiveCfg = Release|Any CPU
		{CB2EC1D2-011A-48D6-8544-85DB32AD6353}.Release|Any CPU.Build.0 = Release|Any CPU
		{A595980C-C141-470F-BA7D-F1DEB49B47C3}.Debug|Any CPU.ActiveCfg = Debug|Any CPU
		{A595980C-C141-470F-BA7D-F1DEB49B47C3}.Debug|Any CPU.Build.0 = Debug|Any CPU
		{A595980C-C141-470F-BA7D-F1DEB49B47C3}.Release|Any CPU.ActiveCfg = Release|Any CPU
		{A595980C-C141-470F-BA7D-F1DEB49B47C3}.Release|Any CPU.Build.0 = Release|Any CPU
		{86247397-1577-4AAF-9842-09F7D57F9258}.Debug|Any CPU.ActiveCfg = Debug|Any CPU
		{86247397-1577-4AAF-9842-09F7D57F9258}.Debug|Any CPU.Build.0 = Debug|Any CPU
		{86247397-1577-4AAF-9842-09F7D57F9258}.Release|Any CPU.ActiveCfg = Release|Any CPU
		{86247397-1577-4AAF-9842-09F7D57F9258}.Release|Any CPU.Build.0 = Release|Any CPU
	EndGlobalSection
	GlobalSection(SolutionProperties) = preSolution
		HideSolutionNode = FALSE
	EndGlobalSection
	GlobalSection(NestedProjects) = preSolution
		{139D887B-4D17-4545-A608-78E193E1CD44} = {7E7B6973-F656-444D-9C66-4020D2C4DFAE}
		{1EB28BC7-6A47-4454-BF1D-2B2291926A8A} = {7E7B6973-F656-444D-9C66-4020D2C4DFAE}
		{9EB5993A-7362-4D5A-8519-65046C973ACC} = {7E7B6973-F656-444D-9C66-4020D2C4DFAE}
		{D7FB167C-5E79-47CA-AB27-ABC3E652F064} = {7E7B6973-F656-444D-9C66-4020D2C4DFAE}
		{70ECD508-F175-423B-A92A-81D593C29623} = {7E7B6973-F656-444D-9C66-4020D2C4DFAE}
		{BE12C582-196F-4D3E-8B28-C8CEB0746E18} = {7E7B6973-F656-444D-9C66-4020D2C4DFAE}
		{8410031A-6FBC-4742-A7F4-7F0D7A10EFD6} = {7E7B6973-F656-444D-9C66-4020D2C4DFAE}
		{8C91C278-2505-41EE-B8A4-2393AD33D7A9} = {7E7B6973-F656-444D-9C66-4020D2C4DFAE}
		{ADAB7EEF-9B18-45FA-991E-0751C7371242} = {7E7B6973-F656-444D-9C66-4020D2C4DFAE}
		{2D49E863-7C74-4B7A-A2FA-25ACC3F54492} = {EDDF9E1B-4615-4DEC-94BC-ACFE478F4131}
		{D9BD7A40-421C-4D3D-9587-61B1BCC6BD8E} = {EDDF9E1B-4615-4DEC-94BC-ACFE478F4131}
		{D138447F-4385-46E1-88F8-EB16B5E26787} = {EDDF9E1B-4615-4DEC-94BC-ACFE478F4131}
		{CB2EC1D2-011A-48D6-8544-85DB32AD6353} = {EDDF9E1B-4615-4DEC-94BC-ACFE478F4131}
		{A595980C-C141-470F-BA7D-F1DEB49B47C3} = {92DF043B-5FEF-42AD-BCB5-BEFAFD3765D8}
		{86247397-1577-4AAF-9842-09F7D57F9258} = {92DF043B-5FEF-42AD-BCB5-BEFAFD3765D8}
	EndGlobalSection
	GlobalSection(ExtensibilityGlobals) = postSolution
		SolutionGuid = {A0B69D6F-F6F0-4528-B63B-364C965F3765}
	EndGlobalSection
EndGlobal
